
Microsoft Visual Studio Solution File, Format Version 12.00
# Visual Studio 2012
Project("{FAE04EC0-301F-11D3-BF4B-00C04F79EFBC}") = "OverSurgery", "OverSurgery.csproj", "{887E08DC-890C-40E8-B533-BB97989B5993}"
EndProject
Global
	GlobalSection(SolutionConfigurationPlatforms) = preSolution
		Debug|Any CPU = Debug|Any CPU
		Release|Any CPU = Release|Any CPU
	EndGlobalSection
	GlobalSection(ProjectConfigurationPlatforms) = postSolution
		{887E08DC-890C-40E8-B533-BB97989B5993}.Debug|Any CPU.ActiveCfg = Debug|Any CPU
		{887E08DC-890C-40E8-B533-BB97989B5993}.Debug|Any CPU.Build.0 = Debug|Any CPU
		{887E08DC-890C-40E8-B533-BB97989B5993}.Release|Any CPU.ActiveCfg = Release|Any CPU
		{887E08DC-890C-40E8-B533-BB97989B5993}.Release|Any CPU.Build.0 = Release|Any CPU
	EndGlobalSection
	GlobalSection(SolutionProperties) = preSolution
		HideSolutionNode = FALSE
	EndGlobalSection
EndGlobal
